// !$*UTF8*$!
{
	archiveVersion = 1;
	classes = {
	};
	objectVersion = 56;
	objects = {

/* Begin PBXBuildFile section */
		6F1EB4442AE1130500B480AE /* Main.storyboard in Resources */ = {isa = PBXBuildFile; fileRef = 6F1EB4432AE1130500B480AE /* Main.storyboard */; };
		6F62E36A2AE0CCAF00080A43 /* AppDelegate.swift in Sources */ = {isa = PBXBuildFile; fileRef = 6F62E3692AE0CCAF00080A43 /* AppDelegate.swift */; };
		6F62E36C2AE0CCAF00080A43 /* SceneDelegate.swift in Sources */ = {isa = PBXBuildFile; fileRef = 6F62E36B2AE0CCAF00080A43 /* SceneDelegate.swift */; };
		6F62E3742AE0CCAF00080A43 /* iosTrainingDay4.xcdatamodeld in Sources */ = {isa = PBXBuildFile; fileRef = 6F62E3722AE0CCAF00080A43 /* iosTrainingDay4.xcdatamodeld */; };
		6F62E3762AE0CCB100080A43 /* Assets.xcassets in Resources */ = {isa = PBXBuildFile; fileRef = 6F62E3752AE0CCB100080A43 /* Assets.xcassets */; };
		6F62E3792AE0CCB100080A43 /* LaunchScreen.storyboard in Resources */ = {isa = PBXBuildFile; fileRef = 6F62E3772AE0CCB100080A43 /* LaunchScreen.storyboard */; };
		6F62E3842AE0CCB100080A43 /* iosTrainingDay4Tests.swift in Sources */ = {isa = PBXBuildFile; fileRef = 6F62E3832AE0CCB100080A43 /* iosTrainingDay4Tests.swift */; };
		6F62E38E2AE0CCB100080A43 /* iosTrainingDay4UITests.swift in Sources */ = {isa = PBXBuildFile; fileRef = 6F62E38D2AE0CCB100080A43 /* iosTrainingDay4UITests.swift */; };
		6F62E3902AE0CCB100080A43 /* iosTrainingDay4UITestsLaunchTests.swift in Sources */ = {isa = PBXBuildFile; fileRef = 6F62E38F2AE0CCB100080A43 /* iosTrainingDay4UITestsLaunchTests.swift */; };
		6F62E3A02AE0CD8500080A43 /* EmployeeTableViewCell.swift in Sources */ = {isa = PBXBuildFile; fileRef = 6F62E39E2AE0CD8500080A43 /* EmployeeTableViewCell.swift */; };
		6F62E3A12AE0CD8500080A43 /* EmployeeTableViewCell.xib in Resources */ = {isa = PBXBuildFile; fileRef = 6F62E39F2AE0CD8500080A43 /* EmployeeTableViewCell.xib */; };
		6F62E3AA2AE0D0D900080A43 /* EmployeeViewController.swift in Sources */ = {isa = PBXBuildFile; fileRef = 6F62E3A82AE0D0D900080A43 /* EmployeeViewController.swift */; };
		6F62E3B02AE0DC7800080A43 /* LocalStorage.xcdatamodeld in Sources */ = {isa = PBXBuildFile; fileRef = 6F62E3AE2AE0DC7800080A43 /* LocalStorage.xcdatamodeld */; };
		6F62E3B32AE0DD0E00080A43 /* EmployeeModel.swift in Sources */ = {isa = PBXBuildFile; fileRef = 6F62E3B22AE0DD0E00080A43 /* EmployeeModel.swift */; };
		6F62E3BC2AE10E7200080A43 /* EmployeeRepository.swift in Sources */ = {isa = PBXBuildFile; fileRef = 6F62E3BB2AE10E7200080A43 /* EmployeeRepository.swift */; };
		6F62E3BF2AE10FA900080A43 /* EmployeeViewModel.swift in Sources */ = {isa = PBXBuildFile; fileRef = 6F62E3BE2AE10FA900080A43 /* EmployeeViewModel.swift */; };
/* End PBXBuildFile section */

/* Begin PBXContainerItemProxy section */
		6F62E3802AE0CCB100080A43 /* PBXContainerItemProxy */ = {
			isa = PBXContainerItemProxy;
			containerPortal = 6F62E35E2AE0CCAF00080A43 /* Project object */;
			proxyType = 1;
			remoteGlobalIDString = 6F62E3652AE0CCAF00080A43;
			remoteInfo = iosTrainingDay4;
		};
		6F62E38A2AE0CCB100080A43 /* PBXContainerItemProxy */ = {
			isa = PBXContainerItemProxy;
			containerPortal = 6F62E35E2AE0CCAF00080A43 /* Project object */;
			proxyType = 1;
			remoteGlobalIDString = 6F62E3652AE0CCAF00080A43;
			remoteInfo = iosTrainingDay4;
		};
/* End PBXContainerItemProxy section */

/* Begin PBXFileReference section */
		6F1EB4432AE1130500B480AE /* Main.storyboard */ = {isa = PBXFileReference; lastKnownFileType = file.storyboard; path = Main.storyboard; sourceTree = "<group>"; };
		6F62E3662AE0CCAF00080A43 /* iosTrainingDay4.app */ = {isa = PBXFileReference; explicitFileType = wrapper.application; includeInIndex = 0; path = iosTrainingDay4.app; sourceTree = BUILT_PRODUCTS_DIR; };
		6F62E3692AE0CCAF00080A43 /* AppDelegate.swift */ = {isa = PBXFileReference; lastKnownFileType = sourcecode.swift; path = AppDelegate.swift; sourceTree = "<group>"; };
		6F62E36B2AE0CCAF00080A43 /* SceneDelegate.swift */ = {isa = PBXFileReference; lastKnownFileType = sourcecode.swift; path = SceneDelegate.swift; sourceTree = "<group>"; };
		6F62E3732AE0CCAF00080A43 /* iosTrainingDay4.xcdatamodel */ = {isa = PBXFileReference; lastKnownFileType = wrapper.xcdatamodel; path = iosTrainingDay4.xcdatamodel; sourceTree = "<group>"; };
		6F62E3752AE0CCB100080A43 /* Assets.xcassets */ = {isa = PBXFileReference; lastKnownFileType = folder.assetcatalog; path = Assets.xcassets; sourceTree = "<group>"; };
		6F62E3782AE0CCB100080A43 /* Base */ = {isa = PBXFileReference; lastKnownFileType = file.storyboard; name = Base; path = Base.lproj/LaunchScreen.storyboard; sourceTree = "<group>"; };
		6F62E37A2AE0CCB100080A43 /* Info.plist */ = {isa = PBXFileReference; lastKnownFileType = text.plist.xml; path = Info.plist; sourceTree = "<group>"; };
		6F62E37F2AE0CCB100080A43 /* iosTrainingDay4Tests.xctest */ = {isa = PBXFileReference; explicitFileType = wrapper.cfbundle; includeInIndex = 0; path = iosTrainingDay4Tests.xctest; sourceTree = BUILT_PRODUCTS_DIR; };
		6F62E3832AE0CCB100080A43 /* iosTrainingDay4Tests.swift */ = {isa = PBXFileReference; lastKnownFileType = sourcecode.swift; path = iosTrainingDay4Tests.swift; sourceTree = "<group>"; };
		6F62E3892AE0CCB100080A43 /* iosTrainingDay4UITests.xctest */ = {isa = PBXFileReference; explicitFileType = wrapper.cfbundle; includeInIndex = 0; path = iosTrainingDay4UITests.xctest; sourceTree = BUILT_PRODUCTS_DIR; };
		6F62E38D2AE0CCB100080A43 /* iosTrainingDay4UITests.swift */ = {isa = PBXFileReference; lastKnownFileType = sourcecode.swift; path = iosTrainingDay4UITests.swift; sourceTree = "<group>"; };
		6F62E38F2AE0CCB100080A43 /* iosTrainingDay4UITestsLaunchTests.swift */ = {isa = PBXFileReference; lastKnownFileType = sourcecode.swift; path = iosTrainingDay4UITestsLaunchTests.swift; sourceTree = "<group>"; };
		6F62E39E2AE0CD8500080A43 /* EmployeeTableViewCell.swift */ = {isa = PBXFileReference; lastKnownFileType = sourcecode.swift; path = EmployeeTableViewCell.swift; sourceTree = "<group>"; };
		6F62E39F2AE0CD8500080A43 /* EmployeeTableViewCell.xib */ = {isa = PBXFileReference; lastKnownFileType = file.xib; path = EmployeeTableViewCell.xib; sourceTree = "<group>"; };
		6F62E3A82AE0D0D900080A43 /* EmployeeViewController.swift */ = {isa = PBXFileReference; lastKnownFileType = sourcecode.swift; path = EmployeeViewController.swift; sourceTree = "<group>"; };
		6F62E3AF2AE0DC7800080A43 /* LocalStorage.xcdatamodel */ = {isa = PBXFileReference; lastKnownFileType = wrapper.xcdatamodel; path = LocalStorage.xcdatamodel; sourceTree = "<group>"; };
		6F62E3B22AE0DD0E00080A43 /* EmployeeModel.swift */ = {isa = PBXFileReference; lastKnownFileType = sourcecode.swift; path = EmployeeModel.swift; sourceTree = "<group>"; };
		6F62E3BB2AE10E7200080A43 /* EmployeeRepository.swift */ = {isa = PBXFileReference; lastKnownFileType = sourcecode.swift; path = EmployeeRepository.swift; sourceTree = "<group>"; };
		6F62E3BE2AE10FA900080A43 /* EmployeeViewModel.swift */ = {isa = PBXFileReference; lastKnownFileType = sourcecode.swift; path = EmployeeViewModel.swift; sourceTree = "<group>"; };
/* End PBXFileReference section */

/* Begin PBXFrameworksBuildPhase section */
		6F62E3632AE0CCAF00080A43 /* Frameworks */ = {
			isa = PBXFrameworksBuildPhase;
			buildActionMask = 2147483647;
			files = (
			);
			runOnlyForDeploymentPostprocessing = 0;
		};
		6F62E37C2AE0CCB100080A43 /* Frameworks */ = {
			isa = PBXFrameworksBuildPhase;
			buildActionMask = 2147483647;
			files = (
			);
			runOnlyForDeploymentPostprocessing = 0;
		};
		6F62E3862AE0CCB100080A43 /* Frameworks */ = {
			isa = PBXFrameworksBuildPhase;
			buildActionMask = 2147483647;
			files = (
			);
			runOnlyForDeploymentPostprocessing = 0;
		};
/* End PBXFrameworksBuildPhase section */

/* Begin PBXGroup section */
		6F62E35D2AE0CCAF00080A43 = {
			isa = PBXGroup;
			children = (
				6F62E3682AE0CCAF00080A43 /* iosTrainingDay4 */,
				6F62E3822AE0CCB100080A43 /* iosTrainingDay4Tests */,
				6F62E38C2AE0CCB100080A43 /* iosTrainingDay4UITests */,
				6F62E3672AE0CCAF00080A43 /* Products */,
			);
			sourceTree = "<group>";
		};
		6F62E3672AE0CCAF00080A43 /* Products */ = {
			isa = PBXGroup;
			children = (
				6F62E3662AE0CCAF00080A43 /* iosTrainingDay4.app */,
				6F62E37F2AE0CCB100080A43 /* iosTrainingDay4Tests.xctest */,
				6F62E3892AE0CCB100080A43 /* iosTrainingDay4UITests.xctest */,
			);
			name = Products;
			sourceTree = "<group>";
		};
		6F62E3682AE0CCAF00080A43 /* iosTrainingDay4 */ = {
			isa = PBXGroup;
			children = (
				6F62E3C02AE1120B00080A43 /* View */,
				6F62E3BD2AE10F9500080A43 /* ViewModel */,
				6F62E3BA2AE10E5500080A43 /* Repository */,
				6F62E3B12AE0DCF700080A43 /* Model */,
				6F62E39D2AE0CCE500080A43 /* EmployeeTableViewCell */,
				6F62E3692AE0CCAF00080A43 /* AppDelegate.swift */,
				6F62E36B2AE0CCAF00080A43 /* SceneDelegate.swift */,
				6F62E3752AE0CCB100080A43 /* Assets.xcassets */,
				6F62E3772AE0CCB100080A43 /* LaunchScreen.storyboard */,
				6F62E37A2AE0CCB100080A43 /* Info.plist */,
				6F62E3722AE0CCAF00080A43 /* iosTrainingDay4.xcdatamodeld */,
				6F62E3AE2AE0DC7800080A43 /* LocalStorage.xcdatamodeld */,
				6F1EB4432AE1130500B480AE /* Main.storyboard */,
			);
			path = iosTrainingDay4;
			sourceTree = "<group>";
		};
		6F62E3822AE0CCB100080A43 /* iosTrainingDay4Tests */ = {
			isa = PBXGroup;
			children = (
				6F62E3832AE0CCB100080A43 /* iosTrainingDay4Tests.swift */,
			);
			path = iosTrainingDay4Tests;
			sourceTree = "<group>";
		};
		6F62E38C2AE0CCB100080A43 /* iosTrainingDay4UITests */ = {
			isa = PBXGroup;
			children = (
				6F62E38D2AE0CCB100080A43 /* iosTrainingDay4UITests.swift */,
				6F62E38F2AE0CCB100080A43 /* iosTrainingDay4UITestsLaunchTests.swift */,
			);
			path = iosTrainingDay4UITests;
			sourceTree = "<group>";
		};
		6F62E39D2AE0CCE500080A43 /* EmployeeTableViewCell */ = {
			isa = PBXGroup;
			children = (
				6F62E39E2AE0CD8500080A43 /* EmployeeTableViewCell.swift */,
				6F62E39F2AE0CD8500080A43 /* EmployeeTableViewCell.xib */,
			);
			path = EmployeeTableViewCell;
			sourceTree = "<group>";
		};
		6F62E3B12AE0DCF700080A43 /* Model */ = {
			isa = PBXGroup;
			children = (
				6F62E3B22AE0DD0E00080A43 /* EmployeeModel.swift */,
			);
			path = Model;
			sourceTree = "<group>";
		};
		6F62E3BA2AE10E5500080A43 /* Repository */ = {
			isa = PBXGroup;
			children = (
				6F62E3BB2AE10E7200080A43 /* EmployeeRepository.swift */,
			);
			path = Repository;
			sourceTree = "<group>";
		};
		6F62E3BD2AE10F9500080A43 /* ViewModel */ = {
			isa = PBXGroup;
			children = (
				6F62E3BE2AE10FA900080A43 /* EmployeeViewModel.swift */,
			);
			path = ViewModel;
			sourceTree = "<group>";
		};
		6F62E3C02AE1120B00080A43 /* View */ = {
			isa = PBXGroup;
			children = (
				6F62E3A82AE0D0D900080A43 /* EmployeeViewController.swift */,
			);
			path = View;
			sourceTree = "<group>";
		};
/* End PBXGroup section */

/* Begin PBXNativeTarget section */
		6F62E3652AE0CCAF00080A43 /* iosTrainingDay4 */ = {
			isa = PBXNativeTarget;
			buildConfigurationList = 6F62E3932AE0CCB100080A43 /* Build configuration list for PBXNativeTarget "iosTrainingDay4" */;
			buildPhases = (
				6F62E3622AE0CCAF00080A43 /* Sources */,
				6F62E3632AE0CCAF00080A43 /* Frameworks */,
				6F62E3642AE0CCAF00080A43 /* Resources */,
			);
			buildRules = (
			);
			dependencies = (
			);
			name = iosTrainingDay4;
			productName = iosTrainingDay4;
			productReference = 6F62E3662AE0CCAF00080A43 /* iosTrainingDay4.app */;
			productType = "com.apple.product-type.application";
		};
		6F62E37E2AE0CCB100080A43 /* iosTrainingDay4Tests */ = {
			isa = PBXNativeTarget;
			buildConfigurationList = 6F62E3962AE0CCB100080A43 /* Build configuration list for PBXNativeTarget "iosTrainingDay4Tests" */;
			buildPhases = (
				6F62E37B2AE0CCB100080A43 /* Sources */,
				6F62E37C2AE0CCB100080A43 /* Frameworks */,
				6F62E37D2AE0CCB100080A43 /* Resources */,
			);
			buildRules = (
			);
			dependencies = (
				6F62E3812AE0CCB100080A43 /* PBXTargetDependency */,
			);
			name = iosTrainingDay4Tests;
			productName = iosTrainingDay4Tests;
			productReference = 6F62E37F2AE0CCB100080A43 /* iosTrainingDay4Tests.xctest */;
			productType = "com.apple.product-type.bundle.unit-test";
		};
		6F62E3882AE0CCB100080A43 /* iosTrainingDay4UITests */ = {
			isa = PBXNativeTarget;
			buildConfigurationList = 6F62E3992AE0CCB100080A43 /* Build configuration list for PBXNativeTarget "iosTrainingDay4UITests" */;
			buildPhases = (
				6F62E3852AE0CCB100080A43 /* Sources */,
				6F62E3862AE0CCB100080A43 /* Frameworks */,
				6F62E3872AE0CCB100080A43 /* Resources */,
			);
			buildRules = (
			);
			dependencies = (
				6F62E38B2AE0CCB100080A43 /* PBXTargetDependency */,
			);
			name = iosTrainingDay4UITests;
			productName = iosTrainingDay4UITests;
			productReference = 6F62E3892AE0CCB100080A43 /* iosTrainingDay4UITests.xctest */;
			productType = "com.apple.product-type.bundle.ui-testing";
		};
/* End PBXNativeTarget section */

/* Begin PBXProject section */
		6F62E35E2AE0CCAF00080A43 /* Project object */ = {
			isa = PBXProject;
			attributes = {
				BuildIndependentTargetsInParallel = 1;
				LastSwiftUpdateCheck = 1410;
				LastUpgradeCheck = 1410;
				TargetAttributes = {
					6F62E3652AE0CCAF00080A43 = {
						CreatedOnToolsVersion = 14.1;
					};
					6F62E37E2AE0CCB100080A43 = {
						CreatedOnToolsVersion = 14.1;
						TestTargetID = 6F62E3652AE0CCAF00080A43;
					};
					6F62E3882AE0CCB100080A43 = {
						CreatedOnToolsVersion = 14.1;
						TestTargetID = 6F62E3652AE0CCAF00080A43;
					};
				};
			};
			buildConfigurationList = 6F62E3612AE0CCAF00080A43 /* Build configuration list for PBXProject "iosTrainingDay4" */;
			compatibilityVersion = "Xcode 14.0";
			developmentRegion = en;
			hasScannedForEncodings = 0;
			knownRegions = (
				en,
				Base,
			);
			mainGroup = 6F62E35D2AE0CCAF00080A43;
			productRefGroup = 6F62E3672AE0CCAF00080A43 /* Products */;
			projectDirPath = "";
			projectRoot = "";
			targets = (
				6F62E3652AE0CCAF00080A43 /* iosTrainingDay4 */,
				6F62E37E2AE0CCB100080A43 /* iosTrainingDay4Tests */,
				6F62E3882AE0CCB100080A43 /* iosTrainingDay4UITests */,
			);
		};
/* End PBXProject section */

/* Begin PBXResourcesBuildPhase section */
		6F62E3642AE0CCAF00080A43 /* Resources */ = {
			isa = PBXResourcesBuildPhase;
			buildActionMask = 2147483647;
			files = (
				6F62E3792AE0CCB100080A43 /* LaunchScreen.storyboard in Resources */,
				6F62E3A12AE0CD8500080A43 /* EmployeeTableViewCell.xib in Resources */,
				6F62E3762AE0CCB100080A43 /* Assets.xcassets in Resources */,
				6F1EB4442AE1130500B480AE /* Main.storyboard in Resources */,
			);
			runOnlyForDeploymentPostprocessing = 0;
		};
		6F62E37D2AE0CCB100080A43 /* Resources */ = {
			isa = PBXResourcesBuildPhase;
			buildActionMask = 2147483647;
			files = (
			);
			runOnlyForDeploymentPostprocessing = 0;
		};
		6F62E3872AE0CCB100080A43 /* Resources */ = {
			isa = PBXResourcesBuildPhase;
			buildActionMask = 2147483647;
			files = (
			);
			runOnlyForDeploymentPostprocessing = 0;
		};
/* End PBXResourcesBuildPhase section */

/* Begin PBXSourcesBuildPhase section */
		6F62E3622AE0CCAF00080A43 /* Sources */ = {
			isa = PBXSourcesBuildPhase;
			buildActionMask = 2147483647;
			files = (
				6F62E3AA2AE0D0D900080A43 /* EmployeeViewController.swift in Sources */,
				6F62E3742AE0CCAF00080A43 /* iosTrainingDay4.xcdatamodeld in Sources */,
				6F62E36A2AE0CCAF00080A43 /* AppDelegate.swift in Sources */,
				6F62E3BC2AE10E7200080A43 /* EmployeeRepository.swift in Sources */,
				6F62E3BF2AE10FA900080A43 /* EmployeeViewModel.swift in Sources */,
				6F62E3B02AE0DC7800080A43 /* LocalStorage.xcdatamodeld in Sources */,
				6F62E3A02AE0CD8500080A43 /* EmployeeTableViewCell.swift in Sources */,
				6F62E36C2AE0CCAF00080A43 /* SceneDelegate.swift in Sources */,
				6F62E3B32AE0DD0E00080A43 /* EmployeeModel.swift in Sources */,
			);
			runOnlyForDeploymentPostprocessing = 0;
		};
		6F62E37B2AE0CCB100080A43 /* Sources */ = {
			isa = PBXSourcesBuildPhase;
			buildActionMask = 2147483647;
			files = (
				6F62E3842AE0CCB100080A43 /* iosTrainingDay4Tests.swift in Sources */,
			);
			runOnlyForDeploymentPostprocessing = 0;
		};
		6F62E3852AE0CCB100080A43 /* Sources */ = {
			isa = PBXSourcesBuildPhase;
			buildActionMask = 2147483647;
			files = (
				6F62E3902AE0CCB100080A43 /* iosTrainingDay4UITestsLaunchTests.swift in Sources */,
				6F62E38E2AE0CCB100080A43 /* iosTrainingDay4UITests.swift in Sources */,
			);
			runOnlyForDeploymentPostprocessing = 0;
		};
/* End PBXSourcesBuildPhase section */

/* Begin PBXTargetDependency section */
		6F62E3812AE0CCB100080A43 /* PBXTargetDependency */ = {
			isa = PBXTargetDependency;
			target = 6F62E3652AE0CCAF00080A43 /* iosTrainingDay4 */;
			targetProxy = 6F62E3802AE0CCB100080A43 /* PBXContainerItemProxy */;
		};
		6F62E38B2AE0CCB100080A43 /* PBXTargetDependency */ = {
			isa = PBXTargetDependency;
			target = 6F62E3652AE0CCAF00080A43 /* iosTrainingDay4 */;
			targetProxy = 6F62E38A2AE0CCB100080A43 /* PBXContainerItemProxy */;
		};
/* End PBXTargetDependency section */

/* Begin PBXVariantGroup section */
		6F62E3772AE0CCB100080A43 /* LaunchScreen.storyboard */ = {
			isa = PBXVariantGroup;
			children = (
				6F62E3782AE0CCB100080A43 /* Base */,
			);
			name = LaunchScreen.storyboard;
			sourceTree = "<group>";
		};
/* End PBXVariantGroup section */

/* Begin XCBuildConfiguration section */
		6F62E3912AE0CCB100080A43 /* Debug */ = {
			isa = XCBuildConfiguration;
			buildSettings = {
				ALWAYS_SEARCH_USER_PATHS = NO;
				CLANG_ANALYZER_NONNULL = YES;
				CLANG_ANALYZER_NUMBER_OBJECT_CONVERSION = YES_AGGRESSIVE;
				CLANG_CXX_LANGUAGE_STANDARD = "gnu++20";
				CLANG_ENABLE_MODULES = YES;
				CLANG_ENABLE_OBJC_ARC = YES;
				CLANG_ENABLE_OBJC_WEAK = YES;
				CLANG_WARN_BLOCK_CAPTURE_AUTORELEASING = YES;
				CLANG_WARN_BOOL_CONVERSION = YES;
				CLANG_WARN_COMMA = YES;
				CLANG_WARN_CONSTANT_CONVERSION = YES;
				CLANG_WARN_DEPRECATED_OBJC_IMPLEMENTATIONS = YES;
				CLANG_WARN_DIRECT_OBJC_ISA_USAGE = YES_ERROR;
				CLANG_WARN_DOCUMENTATION_COMMENTS = YES;
				CLANG_WARN_EMPTY_BODY = YES;
				CLANG_WARN_ENUM_CONVERSION = YES;
				CLANG_WARN_INFINITE_RECURSION = YES;
				CLANG_WARN_INT_CONVERSION = YES;
				CLANG_WARN_NON_LITERAL_NULL_CONVERSION = YES;
				CLANG_WARN_OBJC_IMPLICIT_RETAIN_SELF = YES;
				CLANG_WARN_OBJC_LITERAL_CONVERSION = YES;
				CLANG_WARN_OBJC_ROOT_CLASS = YES_ERROR;
				CLANG_WARN_QUOTED_INCLUDE_IN_FRAMEWORK_HEADER = YES;
				CLANG_WARN_RANGE_LOOP_ANALYSIS = YES;
				CLANG_WARN_STRICT_PROTOTYPES = YES;
				CLANG_WARN_SUSPICIOUS_MOVE = YES;
				CLANG_WARN_UNGUARDED_AVAILABILITY = YES_AGGRESSIVE;
				CLANG_WARN_UNREACHABLE_CODE = YES;
				CLANG_WARN__DUPLICATE_METHOD_MATCH = YES;
				COPY_PHASE_STRIP = NO;
				DEBUG_INFORMATION_FORMAT = dwarf;
				ENABLE_STRICT_OBJC_MSGSEND = YES;
				ENABLE_TESTABILITY = YES;
				GCC_C_LANGUAGE_STANDARD = gnu11;
				GCC_DYNAMIC_NO_PIC = NO;
				GCC_NO_COMMON_BLOCKS = YES;
				GCC_OPTIMIZATION_LEVEL = 0;
				GCC_PREPROCESSOR_DEFINITIONS = (
					"DEBUG=1",
					"$(inherited)",
				);
				GCC_WARN_64_TO_32_BIT_CONVERSION = YES;
				GCC_WARN_ABOUT_RETURN_TYPE = YES_ERROR;
				GCC_WARN_UNDECLARED_SELECTOR = YES;
				GCC_WARN_UNINITIALIZED_AUTOS = YES_AGGRESSIVE;
				GCC_WARN_UNUSED_FUNCTION = YES;
				GCC_WARN_UNUSED_VARIABLE = YES;
				IPHONEOS_DEPLOYMENT_TARGET = 16.1;
				MTL_ENABLE_DEBUG_INFO = INCLUDE_SOURCE;
				MTL_FAST_MATH = YES;
				ONLY_ACTIVE_ARCH = YES;
				SDKROOT = iphoneos;
				SWIFT_ACTIVE_COMPILATION_CONDITIONS = DEBUG;
				SWIFT_OPTIMIZATION_LEVEL = "-Onone";
			};
			name = Debug;
		};
		6F62E3922AE0CCB100080A43 /* Release */ = {
			isa = XCBuildConfiguration;
			buildSettings = {
				ALWAYS_SEARCH_USER_PATHS = NO;
				CLANG_ANALYZER_NONNULL = YES;
				CLANG_ANALYZER_NUMBER_OBJECT_CONVERSION = YES_AGGRESSIVE;
				CLANG_CXX_LANGUAGE_STANDARD = "gnu++20";
				CLANG_ENABLE_MODULES = YES;
				CLANG_ENABLE_OBJC_ARC = YES;
				CLANG_ENABLE_OBJC_WEAK = YES;
				CLANG_WARN_BLOCK_CAPTURE_AUTORELEASING = YES;
				CLANG_WARN_BOOL_CONVERSION = YES;
				CLANG_WARN_COMMA = YES;
				CLANG_WARN_CONSTANT_CONVERSION = YES;
				CLANG_WARN_DEPRECATED_OBJC_IMPLEMENTATIONS = YES;
				CLANG_WARN_DIRECT_OBJC_ISA_USAGE = YES_ERROR;
				CLANG_WARN_DOCUMENTATION_COMMENTS = YES;
				CLANG_WARN_EMPTY_BODY = YES;
				CLANG_WARN_ENUM_CONVERSION = YES;
				CLANG_WARN_INFINITE_RECURSION = YES;
				CLANG_WARN_INT_CONVERSION = YES;
				CLANG_WARN_NON_LITERAL_NULL_CONVERSION = YES;
				CLANG_WARN_OBJC_IMPLICIT_RETAIN_SELF = YES;
				CLANG_WARN_OBJC_LITERAL_CONVERSION = YES;
				CLANG_WARN_OBJC_ROOT_CLASS = YES_ERROR;
				CLANG_WARN_QUOTED_INCLUDE_IN_FRAMEWORK_HEADER = YES;
				CLANG_WARN_RANGE_LOOP_ANALYSIS = YES;
				CLANG_WARN_STRICT_PROTOTYPES = YES;
				CLANG_WARN_SUSPICIOUS_MOVE = YES;
				CLANG_WARN_UNGUARDED_AVAILABILITY = YES_AGGRESSIVE;
				CLANG_WARN_UNREACHABLE_CODE = YES;
				CLANG_WARN__DUPLICATE_METHOD_MATCH = YES;
				COPY_PHASE_STRIP = NO;
				DEBUG_INFORMATION_FORMAT = "dwarf-with-dsym";
				ENABLE_NS_ASSERTIONS = NO;
				ENABLE_STRICT_OBJC_MSGSEND = YES;
				GCC_C_LANGUAGE_STANDARD = gnu11;
				GCC_NO_COMMON_BLOCKS = YES;
				GCC_WARN_64_TO_32_BIT_CONVERSION = YES;
				GCC_WARN_ABOUT_RETURN_TYPE = YES_ERROR;
				GCC_WARN_UNDECLARED_SELECTOR = YES;
				GCC_WARN_UNINITIALIZED_AUTOS = YES_AGGRESSIVE;
				GCC_WARN_UNUSED_FUNCTION = YES;
				GCC_WARN_UNUSED_VARIABLE = YES;
				IPHONEOS_DEPLOYMENT_TARGET = 16.1;
				MTL_ENABLE_DEBUG_INFO = NO;
				MTL_FAST_MATH = YES;
				SDKROOT = iphoneos;
				SWIFT_COMPILATION_MODE = wholemodule;
				SWIFT_OPTIMIZATION_LEVEL = "-O";
				VALIDATE_PRODUCT = YES;
			};
			name = Release;
		};
		6F62E3942AE0CCB100080A43 /* Debug */ = {
			isa = XCBuildConfiguration;
			buildSettings = {
				ASSETCATALOG_COMPILER_APPICON_NAME = AppIcon;
				ASSETCATALOG_COMPILER_GLOBAL_ACCENT_COLOR_NAME = AccentColor;
				CODE_SIGN_STYLE = Automatic;
				CURRENT_PROJECT_VERSION = 1;
				DEVELOPMENT_TEAM = B3UCYN2F9T;
				GENERATE_INFOPLIST_FILE = YES;
				INFOPLIST_FILE = iosTrainingDay4/Info.plist;
				INFOPLIST_KEY_UIApplicationSupportsIndirectInputEvents = YES;
				INFOPLIST_KEY_UILaunchStoryboardName = EmployeeListViewController.xib;
				INFOPLIST_KEY_UIMainStoryboardFile = Main;
				INFOPLIST_KEY_UISupportedInterfaceOrientations_iPad = "UIInterfaceOrientationPortrait UIInterfaceOrientationPortraitUpsideDown UIInterfaceOrientationLandscapeLeft UIInterfaceOrientationLandscapeRight";
				INFOPLIST_KEY_UISupportedInterfaceOrientations_iPhone = "UIInterfaceOrientationPortrait UIInterfaceOrientationLandscapeLeft UIInterfaceOrientationLandscapeRight";
				LD_RUNPATH_SEARCH_PATHS = (
					"$(inherited)",
					"@executable_path/Frameworks",
				);
				MARKETING_VERSION = 1.0;
				PRODUCT_BUNDLE_IDENTIFIER = com.ilhamfzri.iosTrainingDay4;
				PRODUCT_NAME = "$(TARGET_NAME)";
				SWIFT_EMIT_LOC_STRINGS = YES;
				SWIFT_VERSION = 5.0;
				TARGETED_DEVICE_FAMILY = "1,2";
			};
			name = Debug;
		};
		6F62E3952AE0CCB100080A43 /* Release */ = {
			isa = XCBuildConfiguration;
			buildSettings = {
				ASSETCATALOG_COMPILER_APPICON_NAME = AppIcon;
				ASSETCATALOG_COMPILER_GLOBAL_ACCENT_COLOR_NAME = AccentColor;
				CODE_SIGN_STYLE = Automatic;
				CURRENT_PROJECT_VERSION = 1;
				DEVELOPMENT_TEAM = B3UCYN2F9T;
				GENERATE_INFOPLIST_FILE = YES;
				INFOPLIST_FILE = iosTrainingDay4/Info.plist;
				INFOPLIST_KEY_UIApplicationSupportsIndirectInputEvents = YES;
				INFOPLIST_KEY_UILaunchStoryboardName = EmployeeListViewController.xib;
				INFOPLIST_KEY_UIMainStoryboardFile = Main;
				INFOPLIST_KEY_UISupportedInterfaceOrientations_iPad = "UIInterfaceOrientationPortrait UIInterfaceOrientationPortraitUpsideDown UIInterfaceOrientationLandscapeLeft UIInterfaceOrientationLandscapeRight";
				INFOPLIST_KEY_UISupportedInterfaceOrientations_iPhone = "UIInterfaceOrientationPortrait UIInterfaceOrientationLandscapeLeft UIInterfaceOrientationLandscapeRight";
				LD_RUNPATH_SEARCH_PATHS = (
					"$(inherited)",
					"@executable_path/Frameworks",
				);
				MARKETING_VERSION = 1.0;
				PRODUCT_BUNDLE_IDENTIFIER = com.ilhamfzri.iosTrainingDay4;
				PRODUCT_NAME = "$(TARGET_NAME)";
				SWIFT_EMIT_LOC_STRINGS = YES;
				SWIFT_VERSION = 5.0;
				TARGETED_DEVICE_FAMILY = "1,2";
			};
			name = Release;
		};
		6F62E3972AE0CCB100080A43 /* Debug */ = {
			isa = XCBuildConfiguration;
			buildSettings = {
				ALWAYS_EMBED_SWIFT_STANDARD_LIBRARIES = YES;
				BUNDLE_LOADER = "$(TEST_HOST)";
				CODE_SIGN_STYLE = Automatic;
				CURRENT_PROJECT_VERSION = 1;
				DEVELOPMENT_TEAM = B3UCYN2F9T;
				GENERATE_INFOPLIST_FILE = YES;
				IPHONEOS_DEPLOYMENT_TARGET = 16.1;
				MARKETING_VERSION = 1.0;
				PRODUCT_BUNDLE_IDENTIFIER = com.ilhamfzri.iosTrainingDay4Tests;
				PRODUCT_NAME = "$(TARGET_NAME)";
				SWIFT_EMIT_LOC_STRINGS = NO;
				SWIFT_VERSION = 5.0;
				TARGETED_DEVICE_FAMILY = "1,2";
				TEST_HOST = "$(BUILT_PRODUCTS_DIR)/iosTrainingDay4.app/$(BUNDLE_EXECUTABLE_FOLDER_PATH)/iosTrainingDay4";
			};
			name = Debug;
		};
		6F62E3982AE0CCB100080A43 /* Release */ = {
			isa = XCBuildConfiguration;
			buildSettings = {
				ALWAYS_EMBED_SWIFT_STANDARD_LIBRARIES = YES;
				BUNDLE_LOADER = "$(TEST_HOST)";
				CODE_SIGN_STYLE = Automatic;
				CURRENT_PROJECT_VERSION = 1;
				DEVELOPMENT_TEAM = B3UCYN2F9T;
				GENERATE_INFOPLIST_FILE = YES;
				IPHONEOS_DEPLOYMENT_TARGET = 16.1;
				MARKETING_VERSION = 1.0;
				PRODUCT_BUNDLE_IDENTIFIER = com.ilhamfzri.iosTrainingDay4Tests;
				PRODUCT_NAME = "$(TARGET_NAME)";
				SWIFT_EMIT_LOC_STRINGS = NO;
				SWIFT_VERSION = 5.0;
				TARGETED_DEVICE_FAMILY = "1,2";
				TEST_HOST = "$(BUILT_PRODUCTS_DIR)/iosTrainingDay4.app/$(BUNDLE_EXECUTABLE_FOLDER_PATH)/iosTrainingDay4";
			};
			name = Release;
		};
		6F62E39A2AE0CCB100080A43 /* Debug */ = {
			isa = XCBuildConfiguration;
			buildSettings = {
				ALWAYS_EMBED_SWIFT_STANDARD_LIBRARIES = YES;
				CODE_SIGN_STYLE = Automatic;
				CURRENT_PROJECT_VERSION = 1;
				DEVELOPMENT_TEAM = B3UCYN2F9T;
				GENERATE_INFOPLIST_FILE = YES;
				MARKETING_VERSION = 1.0;
				PRODUCT_BUNDLE_IDENTIFIER = com.ilhamfzri.iosTrainingDay4UITests;
				PRODUCT_NAME = "$(TARGET_NAME)";
				SWIFT_EMIT_LOC_STRINGS = NO;
				SWIFT_VERSION = 5.0;
				TARGETED_DEVICE_FAMILY = "1,2";
				TEST_TARGET_NAME = iosTrainingDay4;
			};
			name = Debug;
		};
		6F62E39B2AE0CCB100080A43 /* Release */ = {
			isa = XCBuildConfiguration;
			buildSettings = {
				ALWAYS_EMBED_SWIFT_STANDARD_LIBRARIES = YES;
				CODE_SIGN_STYLE = Automatic;
				CURRENT_PROJECT_VERSION = 1;
				DEVELOPMENT_TEAM = B3UCYN2F9T;
				GENERATE_INFOPLIST_FILE = YES;
				MARKETING_VERSION = 1.0;
				PRODUCT_BUNDLE_IDENTIFIER = com.ilhamfzri.iosTrainingDay4UITests;
				PRODUCT_NAME = "$(TARGET_NAME)";
				SWIFT_EMIT_LOC_STRINGS = NO;
				SWIFT_VERSION = 5.0;
				TARGETED_DEVICE_FAMILY = "1,2";
				TEST_TARGET_NAME = iosTrainingDay4;
			};
			name = Release;
		};
/* End XCBuildConfiguration section */

/* Begin XCConfigurationList section */
		6F62E3612AE0CCAF00080A43 /* Build configuration list for PBXProject "iosTrainingDay4" */ = {
			isa = XCConfigurationList;
			buildConfigurations = (
				6F62E3912AE0CCB100080A43 /* Debug */,
				6F62E3922AE0CCB100080A43 /* Release */,
			);
			defaultConfigurationIsVisible = 0;
			defaultConfigurationName = Release;
		};
		6F62E3932AE0CCB100080A43 /* Build configuration list for PBXNativeTarget "iosTrainingDay4" */ = {
			isa = XCConfigurationList;
			buildConfigurations = (
				6F62E3942AE0CCB100080A43 /* Debug */,
				6F62E3952AE0CCB100080A43 /* Release */,
			);
			defaultConfigurationIsVisible = 0;
			defaultConfigurationName = Release;
		};
		6F62E3962AE0CCB100080A43 /* Build configuration list for PBXNativeTarget "iosTrainingDay4Tests" */ = {
			isa = XCConfigurationList;
			buildConfigurations = (
				6F62E3972AE0CCB100080A43 /* Debug */,
				6F62E3982AE0CCB100080A43 /* Release */,
			);
			defaultConfigurationIsVisible = 0;
			defaultConfigurationName = Release;
		};
		6F62E3992AE0CCB100080A43 /* Build configuration list for PBXNativeTarget "iosTrainingDay4UITests" */ = {
			isa = XCConfigurationList;
			buildConfigurations = (
				6F62E39A2AE0CCB100080A43 /* Debug */,
				6F62E39B2AE0CCB100080A43 /* Release */,
			);
			defaultConfigurationIsVisible = 0;
			defaultConfigurationName = Release;
		};
/* End XCConfigurationList section */

/* Begin XCVersionGroup section */
		6F62E3722AE0CCAF00080A43 /* iosTrainingDay4.xcdatamodeld */ = {
			isa = XCVersionGroup;
			children = (
				6F62E3732AE0CCAF00080A43 /* iosTrainingDay4.xcdatamodel */,
			);
			currentVersion = 6F62E3732AE0CCAF00080A43 /* iosTrainingDay4.xcdatamodel */;
			path = iosTrainingDay4.xcdatamodeld;
			sourceTree = "<group>";
			versionGroupType = wrapper.xcdatamodel;
		};
		6F62E3AE2AE0DC7800080A43 /* LocalStorage.xcdatamodeld */ = {
			isa = XCVersionGroup;
			children = (
				6F62E3AF2AE0DC7800080A43 /* LocalStorage.xcdatamodel */,
			);
			currentVersion = 6F62E3AF2AE0DC7800080A43 /* LocalStorage.xcdatamodel */;
			path = LocalStorage.xcdatamodeld;
			sourceTree = "<group>";
			versionGroupType = wrapper.xcdatamodel;
		};
/* End XCVersionGroup section */
	};
	rootObject = 6F62E35E2AE0CCAF00080A43 /* Project object */;
}
